
Microsoft Visual Studio Solution File, Format Version 12.00
# Visual Studio Version 17
VisualStudioVersion = 17.1.32228.430
MinimumVisualStudioVersion = 10.0.40219.1
Project("{9A19103F-16F7-4668-BE54-9A1E7A4F7556}") = "CarRentingSystem.Identity", "CarRentingSystem.Identity\CarRentingSystem.Identity.csproj", "{A6B60B78-47B2-4AB2-9F58-81B664390D8C}"
EndProject
Project("{9A19103F-16F7-4668-BE54-9A1E7A4F7556}") = "CarRentingSystem.Common", "CarRentingSystem.Common\CarRentingSystem.Common.csproj", "{5149764A-B178-47FD-9BD4-CC23D3CE5406}"
EndProject
Project("{9A19103F-16F7-4668-BE54-9A1E7A4F7556}") = "CarRentingSystem.Cars", "CarRentingSystem.Cars\CarRentingSystem.Cars.csproj", "{27DEEE5D-EC7D-4E0A-9F13-1089C3D0E623}"
EndProject
Project("{9A19103F-16F7-4668-BE54-9A1E7A4F7556}") = "CarRentingSystem.Analyses", "CarRentingSystem.Analyses\CarRentingSystem.Analyses.csproj", "{A820D7D5-D06E-4A11-AA61-EDF66BAC849C}"
EndProject
Project("{9A19103F-16F7-4668-BE54-9A1E7A4F7556}") = "CarRentingSystem.HealthChecks", "CarRentingSystem.HealthChecks\CarRentingSystem.HealthChecks.csproj", "{636D51AC-409C-47CC-9F7D-AA0BCBB51B6C}"
EndProject
Project("{9A19103F-16F7-4668-BE54-9A1E7A4F7556}") = "CarRentingSystem.Renting", "CarRentingSystem.Renting\CarRentingSystem.Renting.csproj", "{20F2BD33-D924-48D0-9938-A0FAAD11AFAE}"
EndProject
Project("{2150E333-8FDC-42A3-9474-1A3956D46DE8}") = "tests", "tests", "{B58D158B-EC75-4C26-A501-625358B3D864}"
EndProject
Project("{9A19103F-16F7-4668-BE54-9A1E7A4F7556}") = "CarRentingSystem.UpdateService", "CarRentingSystem.UpdateService\CarRentingSystem.UpdateService.csproj", "{6D41B54C-1022-4A94-9E82-BB9E90798C2C}"
EndProject
Project("{9A19103F-16F7-4668-BE54-9A1E7A4F7556}") = "CarRentingSystem.Cars.IntegrationTests", "..\..\..\tests\unit-tests\CarRentingSystem.Cars\CarRentingSystem.Cars.IntegrationTests\CarRentingSystem.Cars.IntegrationTests.csproj", "{D7B6FC16-CA03-43CA-A920-458ED96A3EC5}"
EndProject
Project("{9A19103F-16F7-4668-BE54-9A1E7A4F7556}") = "CarRentingSystem.Cars.UnitTests", "..\..\..\tests\unit-tests\CarRentingSystem.Cars\CarRentingSystem.Cars.UnitTests\CarRentingSystem.Cars.UnitTests.csproj", "{8498A71C-0A99-4FD0-8B10-A50AB13B6F6D}"
EndProject
Global
	GlobalSection(SolutionConfigurationPlatforms) = preSolution
		Debug|Any CPU = Debug|Any CPU
		Release|Any CPU = Release|Any CPU
	EndGlobalSection
	GlobalSection(ProjectConfigurationPlatforms) = postSolution
		{A6B60B78-47B2-4AB2-9F58-81B664390D8C}.Debug|Any CPU.ActiveCfg = Debug|Any CPU
		{A6B60B78-47B2-4AB2-9F58-81B664390D8C}.Debug|Any CPU.Build.0 = Debug|Any CPU
		{A6B60B78-47B2-4AB2-9F58-81B664390D8C}.Release|Any CPU.ActiveCfg = Release|Any CPU
		{A6B60B78-47B2-4AB2-9F58-81B664390D8C}.Release|Any CPU.Build.0 = Release|Any CPU
		{5149764A-B178-47FD-9BD4-CC23D3CE5406}.Debug|Any CPU.ActiveCfg = Debug|Any CPU
		{5149764A-B178-47FD-9BD4-CC23D3CE5406}.Debug|Any CPU.Build.0 = Debug|Any CPU
		{5149764A-B178-47FD-9BD4-CC23D3CE5406}.Release|Any CPU.ActiveCfg = Release|Any CPU
		{5149764A-B178-47FD-9BD4-CC23D3CE5406}.Release|Any CPU.Build.0 = Release|Any CPU
		{27DEEE5D-EC7D-4E0A-9F13-1089C3D0E623}.Debug|Any CPU.ActiveCfg = Debug|Any CPU
		{27DEEE5D-EC7D-4E0A-9F13-1089C3D0E623}.Debug|Any CPU.Build.0 = Debug|Any CPU
		{27DEEE5D-EC7D-4E0A-9F13-1089C3D0E623}.Release|Any CPU.ActiveCfg = Release|Any CPU
		{27DEEE5D-EC7D-4E0A-9F13-1089C3D0E623}.Release|Any CPU.Build.0 = Release|Any CPU
		{A820D7D5-D06E-4A11-AA61-EDF66BAC849C}.Debug|Any CPU.ActiveCfg = Debug|Any CPU
		{A820D7D5-D06E-4A11-AA61-EDF66BAC849C}.Debug|Any CPU.Build.0 = Debug|Any CPU
		{A820D7D5-D06E-4A11-AA61-EDF66BAC849C}.Release|Any CPU.ActiveCfg = Release|Any CPU
		{A820D7D5-D06E-4A11-AA61-EDF66BAC849C}.Release|Any CPU.Build.0 = Release|Any CPU
		{636D51AC-409C-47CC-9F7D-AA0BCBB51B6C}.Debug|Any CPU.ActiveCfg = Debug|Any CPU
		{636D51AC-409C-47CC-9F7D-AA0BCBB51B6C}.Debug|Any CPU.Build.0 = Debug|Any CPU
		{636D51AC-409C-47CC-9F7D-AA0BCBB51B6C}.Release|Any CPU.ActiveCfg = Release|Any CPU
		{636D51AC-409C-47CC-9F7D-AA0BCBB51B6C}.Release|Any CPU.Build.0 = Release|Any CPU
		{20F2BD33-D924-48D0-9938-A0FAAD11AFAE}.Debug|Any CPU.ActiveCfg = Debug|Any CPU
		{20F2BD33-D924-48D0-9938-A0FAAD11AFAE}.Debug|Any CPU.Build.0 = Debug|Any CPU
		{20F2BD33-D924-48D0-9938-A0FAAD11AFAE}.Release|Any CPU.ActiveCfg = Release|Any CPU
		{20F2BD33-D924-48D0-9938-A0FAAD11AFAE}.Release|Any CPU.Build.0 = Release|Any CPU
		{6D41B54C-1022-4A94-9E82-BB9E90798C2C}.Debug|Any CPU.ActiveCfg = Debug|Any CPU
		{6D41B54C-1022-4A94-9E82-BB9E90798C2C}.Debug|Any CPU.Build.0 = Debug|Any CPU
		{6D41B54C-1022-4A94-9E82-BB9E90798C2C}.Release|Any CPU.ActiveCfg = Release|Any CPU
		{6D41B54C-1022-4A94-9E82-BB9E90798C2C}.Release|Any CPU.Build.0 = Release|Any CPU
		{D7B6FC16-CA03-43CA-A920-458ED96A3EC5}.Debug|Any CPU.ActiveCfg = Debug|Any CPU
		{D7B6FC16-CA03-43CA-A920-458ED96A3EC5}.Debug|Any CPU.Build.0 = Debug|Any CPU
		{D7B6FC16-CA03-43CA-A920-458ED96A3EC5}.Release|Any CPU.ActiveCfg = Release|Any CPU
		{D7B6FC16-CA03-43CA-A920-458ED96A3EC5}.Release|Any CPU.Build.0 = Release|Any CPU
		{8498A71C-0A99-4FD0-8B10-A50AB13B6F6D}.Debug|Any CPU.ActiveCfg = Debug|Any CPU
		{8498A71C-0A99-4FD0-8B10-A50AB13B6F6D}.Debug|Any CPU.Build.0 = Debug|Any CPU
		{8498A71C-0A99-4FD0-8B10-A50AB13B6F6D}.Release|Any CPU.ActiveCfg = Release|Any CPU
		{8498A71C-0A99-4FD0-8B10-A50AB13B6F6D}.Release|Any CPU.Build.0 = Release|Any CPU
	EndGlobalSection
	GlobalSection(SolutionProperties) = preSolution
		HideSolutionNode = FALSE
	EndGlobalSection
	GlobalSection(NestedProjects) = preSolution
		{D7B6FC16-CA03-43CA-A920-458ED96A3EC5} = {B58D158B-EC75-4C26-A501-625358B3D864}
		{8498A71C-0A99-4FD0-8B10-A50AB13B6F6D} = {B58D158B-EC75-4C26-A501-625358B3D864}
	EndGlobalSection
	GlobalSection(ExtensibilityGlobals) = postSolution
		SolutionGuid = {947E844F-94B4-47C4-A9CE-B2087FDCA2F2}
	EndGlobalSection
EndGlobal
